
Microsoft Visual Studio Solution File, Format Version 12.00
# Visual Studio Version 17
VisualStudioVersion = 17.11.35222.181
MinimumVisualStudioVersion = 10.0.40219.1
Project("{9A19103F-16F7-4668-BE54-9A1E7A4F7556}") = "Model", "Model\Model.csproj", "{1FAB2788-211A-4472-B19A-07EECEC51F9A}"
EndProject
Project("{9A19103F-16F7-4668-BE54-9A1E7A4F7556}") = "Main", "Main\Main.csproj", "{9F793EAA-B631-456B-809C-C363811FB171}"
EndProject
Project("{FAE04EC0-301F-11D3-BF4B-00C04F79EFBC}") = "DatabaseClients", "DatabaseClients\DatabaseClients.csproj", "{544A0A3B-CB61-49A4-8246-E6E72633CF71}"
EndProject
Project("{FAE04EC0-301F-11D3-BF4B-00C04F79EFBC}") = "DatabaseClientsUnitTests", "DatabaseClientsUnitTests\DatabaseClientsUnitTests.csproj", "{D72B59DA-1017-47F1-A938-C29AFFBFA0AA}"
EndProject
Global
	GlobalSection(SolutionConfigurationPlatforms) = preSolution
		Debug|Any CPU = Debug|Any CPU
		Release|Any CPU = Release|Any CPU
	EndGlobalSection
	GlobalSection(ProjectConfigurationPlatforms) = postSolution
		{1FAB2788-211A-4472-B19A-07EECEC51F9A}.Debug|Any CPU.ActiveCfg = Debug|Any CPU
		{1FAB2788-211A-4472-B19A-07EECEC51F9A}.Debug|Any CPU.Build.0 = Debug|Any CPU
		{1FAB2788-211A-4472-B19A-07EECEC51F9A}.Release|Any CPU.ActiveCfg = Release|Any CPU
		{1FAB2788-211A-4472-B19A-07EECEC51F9A}.Release|Any CPU.Build.0 = Release|Any CPU
		{9F793EAA-B631-456B-809C-C363811FB171}.Debug|Any CPU.ActiveCfg = Debug|Any CPU
		{9F793EAA-B631-456B-809C-C363811FB171}.Debug|Any CPU.Build.0 = Debug|Any CPU
		{9F793EAA-B631-456B-809C-C363811FB171}.Release|Any CPU.ActiveCfg = Release|Any CPU
		{9F793EAA-B631-456B-809C-C363811FB171}.Release|Any CPU.Build.0 = Release|Any CPU
		{544A0A3B-CB61-49A4-8246-E6E72633CF71}.Debug|Any CPU.ActiveCfg = Debug|Any CPU
		{544A0A3B-CB61-49A4-8246-E6E72633CF71}.Debug|Any CPU.Build.0 = Debug|Any CPU
		{544A0A3B-CB61-49A4-8246-E6E72633CF71}.Release|Any CPU.ActiveCfg = Release|Any CPU
		{544A0A3B-CB61-49A4-8246-E6E72633CF71}.Release|Any CPU.Build.0 = Release|Any CPU
		{D72B59DA-1017-47F1-A938-C29AFFBFA0AA}.Debug|Any CPU.ActiveCfg = Debug|Any CPU
		{D72B59DA-1017-47F1-A938-C29AFFBFA0AA}.Debug|Any CPU.Build.0 = Debug|Any CPU
		{D72B59DA-1017-47F1-A938-C29AFFBFA0AA}.Release|Any CPU.ActiveCfg = Release|Any CPU
		{D72B59DA-1017-47F1-A938-C29AFFBFA0AA}.Release|Any CPU.Build.0 = Release|Any CPU
	EndGlobalSection
	GlobalSection(SolutionProperties) = preSolution
		HideSolutionNode = FALSE
	EndGlobalSection
	GlobalSection(ExtensibilityGlobals) = postSolution
		SolutionGuid = {063F71B6-DB42-4514-A643-37D816EC726D}
	EndGlobalSection
EndGlobal
